
Microsoft Visual Studio Solution File, Format Version 12.00
# Visual Studio Version 17
VisualStudioVersion = 17.5.002.0
MinimumVisualStudioVersion = 10.0.40219.1
Project("{9A19103F-16F7-4668-BE54-9A1E7A4F7556}") = "Zayavki", "Zayavki.csproj", "{537CE898-05C3-4911-8BF0-B6EABE19719C}"
EndProject
Global
	GlobalSection(SolutionConfigurationPlatforms) = preSolution
		Debug|Any CPU = Debug|Any CPU
		Release|Any CPU = Release|Any CPU
	EndGlobalSection
	GlobalSection(ProjectConfigurationPlatforms) = postSolution
		{537CE898-05C3-4911-8BF0-B6EABE19719C}.Debug|Any CPU.ActiveCfg = Debug|Any CPU
		{537CE898-05C3-4911-8BF0-B6EABE19719C}.Debug|Any CPU.Build.0 = Debug|Any CPU
		{537CE898-05C3-4911-8BF0-B6EABE19719C}.Release|Any CPU.ActiveCfg = Release|Any CPU
		{537CE898-05C3-4911-8BF0-B6EABE19719C}.Release|Any CPU.Build.0 = Release|Any CPU
	EndGlobalSection
	GlobalSection(SolutionProperties) = preSolution
		HideSolutionNode = FALSE
	EndGlobalSection
	GlobalSection(ExtensibilityGlobals) = postSolution
		SolutionGuid = {59324385-CE89-4256-8BFE-CF8B24FD91DD}
	EndGlobalSection
EndGlobal
